
Microsoft Visual Studio Solution File, Format Version 12.00
# Visual Studio 15
VisualStudioVersion = 15.0.28307.1000
MinimumVisualStudioVersion = 10.0.40219.1
Project("{FAE04EC0-301F-11D3-BF4B-00C04F79EFBC}") = "DiContainer_poc", "DiContainer_poc\DiContainer_poc.csproj", "{C402E4B3-6D8D-45FD-B908-BD846305BDBF}"
EndProject
Project("{FAE04EC0-301F-11D3-BF4B-00C04F79EFBC}") = "DiContainertTests", "UnitTestProject1\DiContainertTests.csproj", "{0CDB18C5-867B-45C2-83C7-7E944B12BAA0}"
EndProject
Global
	GlobalSection(SolutionConfigurationPlatforms) = preSolution
		Debug|Any CPU = Debug|Any CPU
		Release|Any CPU = Release|Any CPU
	EndGlobalSection
	GlobalSection(ProjectConfigurationPlatforms) = postSolution
		{C402E4B3-6D8D-45FD-B908-BD846305BDBF}.Debug|Any CPU.ActiveCfg = Debug|Any CPU
		{C402E4B3-6D8D-45FD-B908-BD846305BDBF}.Debug|Any CPU.Build.0 = Debug|Any CPU
		{C402E4B3-6D8D-45FD-B908-BD846305BDBF}.Release|Any CPU.ActiveCfg = Release|Any CPU
		{C402E4B3-6D8D-45FD-B908-BD846305BDBF}.Release|Any CPU.Build.0 = Release|Any CPU
		{0CDB18C5-867B-45C2-83C7-7E944B12BAA0}.Debug|Any CPU.ActiveCfg = Debug|Any CPU
		{0CDB18C5-867B-45C2-83C7-7E944B12BAA0}.Debug|Any CPU.Build.0 = Debug|Any CPU
		{0CDB18C5-867B-45C2-83C7-7E944B12BAA0}.Release|Any CPU.ActiveCfg = Release|Any CPU
		{0CDB18C5-867B-45C2-83C7-7E944B12BAA0}.Release|Any CPU.Build.0 = Release|Any CPU
	EndGlobalSection
	GlobalSection(SolutionProperties) = preSolution
		HideSolutionNode = FALSE
	EndGlobalSection
	GlobalSection(ExtensibilityGlobals) = postSolution
		SolutionGuid = {7DB545A8-E953-4C5B-B3FF-B4EB740E5196}
	EndGlobalSection
EndGlobal
